
Microsoft Visual Studio Solution File, Format Version 12.00
# Visual Studio Version 17
VisualStudioVersion = 17.4.33213.308
MinimumVisualStudioVersion = 10.0.40219.1
Project("{9A19103F-16F7-4668-BE54-9A1E7A4F7556}") = "HotelListingAPI", "HotelListingAPI\HotelListingAPI.csproj", "{D80C8594-FA34-4E20-BAB1-78D5F911B4DF}"
EndProject
Project("{FAE04EC0-301F-11D3-BF4B-00C04F79EFBC}") = "HotelListingAPI.Data", "HotelListingAPI.Data\HotelListingAPI.Data.csproj", "{22381304-2D02-4D4E-A484-193B8D468940}"
EndProject
Project("{FAE04EC0-301F-11D3-BF4B-00C04F79EFBC}") = "HotelListingAPI.Core", "HotelListingAPI.Core\HotelListingAPI.Core.csproj", "{6AB9DBD9-B955-42E3-84A8-7F82EA2EB5D8}"
EndProject
Global
	GlobalSection(SolutionConfigurationPlatforms) = preSolution
		Debug|Any CPU = Debug|Any CPU
		Release|Any CPU = Release|Any CPU
	EndGlobalSection
	GlobalSection(ProjectConfigurationPlatforms) = postSolution
		{D80C8594-FA34-4E20-BAB1-78D5F911B4DF}.Debug|Any CPU.ActiveCfg = Debug|Any CPU
		{D80C8594-FA34-4E20-BAB1-78D5F911B4DF}.Debug|Any CPU.Build.0 = Debug|Any CPU
		{D80C8594-FA34-4E20-BAB1-78D5F911B4DF}.Release|Any CPU.ActiveCfg = Release|Any CPU
		{D80C8594-FA34-4E20-BAB1-78D5F911B4DF}.Release|Any CPU.Build.0 = Release|Any CPU
		{22381304-2D02-4D4E-A484-193B8D468940}.Debug|Any CPU.ActiveCfg = Debug|Any CPU
		{22381304-2D02-4D4E-A484-193B8D468940}.Debug|Any CPU.Build.0 = Debug|Any CPU
		{22381304-2D02-4D4E-A484-193B8D468940}.Release|Any CPU.ActiveCfg = Release|Any CPU
		{22381304-2D02-4D4E-A484-193B8D468940}.Release|Any CPU.Build.0 = Release|Any CPU
		{6AB9DBD9-B955-42E3-84A8-7F82EA2EB5D8}.Debug|Any CPU.ActiveCfg = Debug|Any CPU
		{6AB9DBD9-B955-42E3-84A8-7F82EA2EB5D8}.Debug|Any CPU.Build.0 = Debug|Any CPU
		{6AB9DBD9-B955-42E3-84A8-7F82EA2EB5D8}.Release|Any CPU.ActiveCfg = Release|Any CPU
		{6AB9DBD9-B955-42E3-84A8-7F82EA2EB5D8}.Release|Any CPU.Build.0 = Release|Any CPU
	EndGlobalSection
	GlobalSection(SolutionProperties) = preSolution
		HideSolutionNode = FALSE
	EndGlobalSection
	GlobalSection(ExtensibilityGlobals) = postSolution
		SolutionGuid = {2A8B2FC8-257A-4E00-AA00-04E30AA9F67C}
	EndGlobalSection
EndGlobal
